<?xml version="1.0" encoding="utf-8"?>
<Project ToolsVersion="4.0" xmlns="http://schemas.microsoft.com/developer/msbuild/2003">
  <ItemGroup>
    <Filter Include="Source Files">
      <UniqueIdentifier>{4FC737F1-C7A5-4376-A066-2A32D752A2FF}</UniqueIdentifier>
      <Extensions>cpp;c;cc;cxx;def;odl;idl;hpj;bat;asm;asmx</Extensions>
    </Filter>
    <Filter Include="Header Files">
      <UniqueIdentifier>{93995380-89BD-4b04-88EB-625FBE52EBFB}</UniqueIdentifier>
      <Extensions>h;hh;hpp;hxx;hm;inl;inc;xsd</Extensions>
    </Filter>
    <Filter Include="Resource Files">
      <UniqueIdentifier>{67DA6AB6-F800-4c08-8B7A-83BB121AAD01}</UniqueIdentifier>
      <Extensions>rc;ico;cur;bmp;dlg;rc2;rct;bin;rgs;gif;jpg;jpeg;jpe;resx;tiff;tif;png;wav</Extensions>
    </Filter>
  </ItemGroup>
  <ItemGroup>
    <ClCompile Include="src\Component.cpp">
      <Filter>Source Files</Filter>
    </ClCompile>
    <ClCompile Include="src\ComponentType.cpp">
      <Filter>Source Files</Filter>
    </ClCompile>
    <ClCompile Include="src\ComponentTypeManager.cpp">
      <Filter>Source Files</Filter>
    </ClCompile>
    <ClCompile Include="src\DelayedEntityProcessingSystem.cpp">
      <Filter>Source Files</Filter>
    </ClCompile>
    <ClCompile Include="src\DelayedEntitySystem.cpp">
      <Filter>Source Files</Filter>
    </ClCompile>
    <ClCompile Include="src\Entity.cpp">
      <Filter>Source Files</Filter>
    </ClCompile>
    <ClCompile Include="src\EntityManager.cpp">
      <Filter>Source Files</Filter>
    </ClCompile>
    <ClCompile Include="src\EntityProcessingSystem.cpp">
      <Filter>Source Files</Filter>
    </ClCompile>
    <ClCompile Include="src\EntitySystem.cpp">
      <Filter>Source Files</Filter>
    </ClCompile>
    <ClCompile Include="src\GroupManager.cpp">
      <Filter>Source Files</Filter>
    </ClCompile>
    <ClCompile Include="src\SystemBitManager.cpp">
      <Filter>Source Files</Filter>
    </ClCompile>
    <ClCompile Include="src\SystemManager.cpp">
      <Filter>Source Files</Filter>
    </ClCompile>
    <ClCompile Include="src\TagManager.cpp">
      <Filter>Source Files</Filter>
    </ClCompile>
    <ClCompile Include="src\World.cpp">
      <Filter>Source Files</Filter>
    </ClCompile>
  </ItemGroup>
  <ItemGroup>
    <ClInclude Include="artemis.framework\versions\a\headers\Artemis.h">
      <Filter>Header Files</Filter>
    </ClInclude>
    <ClInclude Include="artemis.framework\versions\a\headers\BitSize.h">
      <Filter>Header Files</Filter>
    </ClInclude>
    <ClInclude Include="artemis.framework\versions\a\headers\Component.h">
      <Filter>Header Files</Filter>
    </ClInclude>
    <ClInclude Include="artemis.framework\versions\a\headers\ComponentMapper.h">
      <Filter>Header Files</Filter>
    </ClInclude>
    <ClInclude Include="artemis.framework\versions\a\headers\ComponentType.h">
      <Filter>Header Files</Filter>
    </ClInclude>
    <ClInclude Include="artemis.framework\versions\a\headers\ComponentTypeManager.h">
      <Filter>Header Files</Filter>
    </ClInclude>
    <ClInclude Include="artemis.framework\versions\a\headers\DelayedEntityProcessingSystem.h">
      <Filter>Header Files</Filter>
    </ClInclude>
    <ClInclude Include="artemis.framework\versions\a\headers\DelayedEntitySystem.h">
      <Filter>Header Files</Filter>
    </ClInclude>
    <ClInclude Include="artemis.framework\versions\a\headers\Entity.h">
      <Filter>Header Files</Filter>
    </ClInclude>
    <ClInclude Include="artemis.framework\versions\a\headers\EntityManager.h">
      <Filter>Header Files</Filter>
    </ClInclude>
    <ClInclude Include="artemis.framework\versions\a\headers\EntityProcessingSystem.h">
      <Filter>Header Files</Filter>
    </ClInclude>
    <ClInclude Include="artemis.framework\versions\a\headers\EntitySystem.h">
      <Filter>Header Files</Filter>
    </ClInclude>
    <ClInclude Include="artemis.framework\versions\a\headers\GroupManager.h">
      <Filter>Header Files</Filter>
    </ClInclude>
    <ClInclude Include="artemis.framework\versions\a\headers\ImmutableBag.h">
      <Filter>Header Files</Filter>
    </ClInclude>
    <ClInclude Include="artemis.framework\versions\a\headers\SystemBitManager.h">
      <Filter>Header Files</Filter>
    </ClInclude>
    <ClInclude Include="artemis.framework\versions\a\headers\SystemManager.h">
      <Filter>Header Files</Filter>
    </ClInclude>
    <ClInclude Include="artemis.framework\versions\a\headers\TagManager.h">
      <Filter>Header Files</Filter>
    </ClInclude>
    <ClInclude Include="artemis.framework\versions\a\headers\TypeInfoComparator.h">
      <Filter>Header Files</Filter>
    </ClInclude>
    <ClInclude Include="artemis.framework\versions\a\headers\World.h">
      <Filter>Header Files</Filter>
    </ClInclude>
    <ClInclude Include="include\artemis\Artemis.h">
      <Filter>Header Files</Filter>
    </ClInclude>
    <ClInclude Include="include\artemis\BitSize.h">
      <Filter>Header Files</Filter>
    </ClInclude>
    <ClInclude Include="include\artemis\Component.h">
      <Filter>Header Files</Filter>
    </ClInclude>
    <ClInclude Include="include\artemis\ComponentMapper.h">
      <Filter>Header Files</Filter>
    </ClInclude>
    <ClInclude Include="include\artemis\ComponentType.h">
      <Filter>Header Files</Filter>
    </ClInclude>
    <ClInclude Include="include\artemis\ComponentTypeManager.h">
      <Filter>Header Files</Filter>
    </ClInclude>
    <ClInclude Include="include\artemis\DelayedEntityProcessingSystem.h">
      <Filter>Header Files</Filter>
    </ClInclude>
    <ClInclude Include="include\artemis\DelayedEntitySystem.h">
      <Filter>Header Files</Filter>
    </ClInclude>
    <ClInclude Include="include\artemis\Entity.h">
      <Filter>Header Files</Filter>
    </ClInclude>
    <ClInclude Include="include\artemis\EntityManager.h">
      <Filter>Header Files</Filter>
    </ClInclude>
    <ClInclude Include="include\artemis\EntityProcessingSystem.h">
      <Filter>Header Files</Filter>
    </ClInclude>
    <ClInclude Include="include\artemis\EntitySystem.h">
      <Filter>Header Files</Filter>
    </ClInclude>
    <ClInclude Include="include\artemis\GroupManager.h">
      <Filter>Header Files</Filter>
    </ClInclude>
    <ClInclude Include="include\artemis\ImmutableBag.h">
      <Filter>Header Files</Filter>
    </ClInclude>
    <ClInclude Include="include\artemis\SystemBitManager.h">
      <Filter>Header Files</Filter>
    </ClInclude>
    <ClInclude Include="include\artemis\SystemManager.h">
      <Filter>Header Files</Filter>
    </ClInclude>
    <ClInclude Include="include\artemis\TagManager.h">
      <Filter>Header Files</Filter>
    </ClInclude>
    <ClInclude Include="include\artemis\TypeInfoComparator.h">
      <Filter>Header Files</Filter>
    </ClInclude>
    <ClInclude Include="include\artemis\World.h">
      <Filter>Header Files</Filter>
    </ClInclude>
  </ItemGroup>
</Project>